// !$*UTF8*$!
{
	archiveVersion = 1;
	classes = {
	};
	objectVersion = 50;
	objects = {

/* Begin PBXBuildFile section */
		9AB7729123DC8354000F8BE7 /* AppDelegate.swift in Sources */ = {isa = PBXBuildFile; fileRef = 9AB7729023DC8354000F8BE7 /* AppDelegate.swift */; };
		9AB7729323DC8354000F8BE7 /* SceneDelegate.swift in Sources */ = {isa = PBXBuildFile; fileRef = 9AB7729223DC8354000F8BE7 /* SceneDelegate.swift */; };
		9AB7729523DC8354000F8BE7 /* ContentView.swift in Sources */ = {isa = PBXBuildFile; fileRef = 9AB7729423DC8354000F8BE7 /* ContentView.swift */; };
		9AB7729723DC8355000F8BE7 /* Assets.xcassets in Resources */ = {isa = PBXBuildFile; fileRef = 9AB7729623DC8355000F8BE7 /* Assets.xcassets */; };
		9AB7729A23DC8355000F8BE7 /* Preview Assets.xcassets in Resources */ = {isa = PBXBuildFile; fileRef = 9AB7729923DC8355000F8BE7 /* Preview Assets.xcassets */; };
		9AB7729D23DC8355000F8BE7 /* LaunchScreen.storyboard in Resources */ = {isa = PBXBuildFile; fileRef = 9AB7729B23DC8355000F8BE7 /* LaunchScreen.storyboard */; };
		9AB772A523DC83B2000F8BE7 /* Habit.swift in Sources */ = {isa = PBXBuildFile; fileRef = 9AB772A423DC83B2000F8BE7 /* Habit.swift */; };
		9AB772A723DC840C000F8BE7 /* Habits.swift in Sources */ = {isa = PBXBuildFile; fileRef = 9AB772A623DC840C000F8BE7 /* Habits.swift */; };
		9AB772A923DC8A92000F8BE7 /* AddHabitView.swift in Sources */ = {isa = PBXBuildFile; fileRef = 9AB772A823DC8A92000F8BE7 /* AddHabitView.swift */; };
		9AB772AB23DC8D95000F8BE7 /* DetailView.swift in Sources */ = {isa = PBXBuildFile; fileRef = 9AB772AA23DC8D95000F8BE7 /* DetailView.swift */; };
/* End PBXBuildFile section */

/* Begin PBXFileReference section */
		9AB7728D23DC8354000F8BE7 /* HabitTracker.app */ = {isa = PBXFileReference; explicitFileType = wrapper.application; includeInIndex = 0; path = HabitTracker.app; sourceTree = BUILT_PRODUCTS_DIR; };
		9AB7729023DC8354000F8BE7 /* AppDelegate.swift */ = {isa = PBXFileReference; lastKnownFileType = sourcecode.swift; path = AppDelegate.swift; sourceTree = "<group>"; };
		9AB7729223DC8354000F8BE7 /* SceneDelegate.swift */ = {isa = PBXFileReference; lastKnownFileType = sourcecode.swift; path = SceneDelegate.swift; sourceTree = "<group>"; };
		9AB7729423DC8354000F8BE7 /* ContentView.swift */ = {isa = PBXFileReference; lastKnownFileType = sourcecode.swift; path = ContentView.swift; sourceTree = "<group>"; };
		9AB7729623DC8355000F8BE7 /* Assets.xcassets */ = {isa = PBXFileReference; lastKnownFileType = folder.assetcatalog; path = Assets.xcassets; sourceTree = "<group>"; };
		9AB7729923DC8355000F8BE7 /* Preview Assets.xcassets */ = {isa = PBXFileReference; lastKnownFileType = folder.assetcatalog; path = "Preview Assets.xcassets"; sourceTree = "<group>"; };
		9AB7729C23DC8355000F8BE7 /* Base */ = {isa = PBXFileReference; lastKnownFileType = file.storyboard; name = Base; path = Base.lproj/LaunchScreen.storyboard; sourceTree = "<group>"; };
		9AB7729E23DC8355000F8BE7 /* Info.plist */ = {isa = PBXFileReference; lastKnownFileType = text.plist.xml; path = Info.plist; sourceTree = "<group>"; };
		9AB772A423DC83B2000F8BE7 /* Habit.swift */ = {isa = PBXFileReference; lastKnownFileType = sourcecode.swift; path = Habit.swift; sourceTree = "<group>"; };
		9AB772A623DC840C000F8BE7 /* Habits.swift */ = {isa = PBXFileReference; lastKnownFileType = sourcecode.swift; path = Habits.swift; sourceTree = "<group>"; };
		9AB772A823DC8A92000F8BE7 /* AddHabitView.swift */ = {isa = PBXFileReference; lastKnownFileType = sourcecode.swift; path = AddHabitView.swift; sourceTree = "<group>"; };
		9AB772AA23DC8D95000F8BE7 /* DetailView.swift */ = {isa = PBXFileReference; lastKnownFileType = sourcecode.swift; path = DetailView.swift; sourceTree = "<group>"; };
/* End PBXFileReference section */

/* Begin PBXFrameworksBuildPhase section */
		9AB7728A23DC8354000F8BE7 /* Frameworks */ = {
			isa = PBXFrameworksBuildPhase;
			buildActionMask = 2147483647;
			files = (
			);
			runOnlyForDeploymentPostprocessing = 0;
		};
/* End PBXFrameworksBuildPhase section */

/* Begin PBXGroup section */
		9AB7728423DC8353000F8BE7 = {
			isa = PBXGroup;
			children = (
				9AB7728F23DC8354000F8BE7 /* HabitTracker */,
				9AB7728E23DC8354000F8BE7 /* Products */,
			);
			sourceTree = "<group>";
		};
		9AB7728E23DC8354000F8BE7 /* Products */ = {
			isa = PBXGroup;
			children = (
				9AB7728D23DC8354000F8BE7 /* HabitTracker.app */,
			);
			name = Products;
			sourceTree = "<group>";
		};
		9AB7728F23DC8354000F8BE7 /* HabitTracker */ = {
			isa = PBXGroup;
			children = (
				9AB7729023DC8354000F8BE7 /* AppDelegate.swift */,
				9AB7729223DC8354000F8BE7 /* SceneDelegate.swift */,
				9AB7729423DC8354000F8BE7 /* ContentView.swift */,
				9AB7729623DC8355000F8BE7 /* Assets.xcassets */,
				9AB7729B23DC8355000F8BE7 /* LaunchScreen.storyboard */,
				9AB7729E23DC8355000F8BE7 /* Info.plist */,
				9AB7729823DC8355000F8BE7 /* Preview Content */,
				9AB772A423DC83B2000F8BE7 /* Habit.swift */,
				9AB772A623DC840C000F8BE7 /* Habits.swift */,
				9AB772A823DC8A92000F8BE7 /* AddHabitView.swift */,
				9AB772AA23DC8D95000F8BE7 /* DetailView.swift */,
			);
			path = HabitTracker;
			sourceTree = "<group>";
		};
		9AB7729823DC8355000F8BE7 /* Preview Content */ = {
			isa = PBXGroup;
			children = (
				9AB7729923DC8355000F8BE7 /* Preview Assets.xcassets */,
			);
			path = "Preview Content";
			sourceTree = "<group>";
		};
/* End PBXGroup section */

/* Begin PBXNativeTarget section */
		9AB7728C23DC8354000F8BE7 /* HabitTracker */ = {
			isa = PBXNativeTarget;
			buildConfigurationList = 9AB772A123DC8355000F8BE7 /* Build configuration list for PBXNativeTarget "HabitTracker" */;
			buildPhases = (
				9AB7728923DC8354000F8BE7 /* Sources */,
				9AB7728A23DC8354000F8BE7 /* Frameworks */,
				9AB7728B23DC8354000F8BE7 /* Resources */,
			);
			buildRules = (
			);
			dependencies = (
			);
			name = HabitTracker;
			productName = HabitTracker;
			productReference = 9AB7728D23DC8354000F8BE7 /* HabitTracker.app */;
			productType = "com.apple.product-type.application";
		};
/* End PBXNativeTarget section */

/* Begin PBXProject section */
		9AB7728523DC8353000F8BE7 /* Project object */ = {
			isa = PBXProject;
			attributes = {
				LastSwiftUpdateCheck = 1130;
				LastUpgradeCheck = 1130;
				ORGANIZATIONNAME = "Ian McDonald";
				TargetAttributes = {
					9AB7728C23DC8354000F8BE7 = {
						CreatedOnToolsVersion = 11.3.1;
					};
				};
			};
			buildConfigurationList = 9AB7728823DC8353000F8BE7 /* Build configuration list for PBXProject "HabitTracker" */;
			compatibilityVersion = "Xcode 9.3";
			developmentRegion = en;
			hasScannedForEncodings = 0;
			knownRegions = (
				en,
				Base,
			);
			mainGroup = 9AB7728423DC8353000F8BE7;
			productRefGroup = 9AB7728E23DC8354000F8BE7 /* Products */;
			projectDirPath = "";
			projectRoot = "";
			targets = (
				9AB7728C23DC8354000F8BE7 /* HabitTracker */,
			);
		};
/* End PBXProject section */

/* Begin PBXResourcesBuildPhase section */
		9AB7728B23DC8354000F8BE7 /* Resources */ = {
			isa = PBXResourcesBuildPhase;
			buildActionMask = 2147483647;
			files = (
				9AB7729D23DC8355000F8BE7 /* LaunchScreen.storyboard in Resources */,
				9AB7729A23DC8355000F8BE7 /* Preview Assets.xcassets in Resources */,
				9AB7729723DC8355000F8BE7 /* Assets.xcassets in Resources */,
			);
			runOnlyForDeploymentPostprocessing = 0;
		};
/* End PBXResourcesBuildPhase section */

/* Begin PBXSourcesBuildPhase section */
		9AB7728923DC8354000F8BE7 /* Sources */ = {
			isa = PBXSourcesBuildPhase;
			buildActionMask = 2147483647;
			files = (
				9AB7729123DC8354000F8BE7 /* AppDelegate.swift in Sources */,
				9AB772A723DC840C000F8BE7 /* Habits.swift in Sources */,
				9AB7729323DC8354000F8BE7 /* SceneDelegate.swift in Sources */,
				9AB772AB23DC8D95000F8BE7 /* DetailView.swift in Sources */,
				9AB772A923DC8A92000F8BE7 /* AddHabitView.swift in Sources */,
				9AB772A523DC83B2000F8BE7 /* Habit.swift in Sources */,
				9AB7729523DC8354000F8BE7 /* ContentView.swift in Sources */,
			);
			runOnlyForDeploymentPostprocessing = 0;
		};
/* End PBXSourcesBuildPhase section */

/* Begin PBXVariantGroup section */
		9AB7729B23DC8355000F8BE7 /* LaunchScreen.storyboard */ = {
			isa = PBXVariantGroup;
			children = (
				9AB7729C23DC8355000F8BE7 /* Base */,
			);
			name = LaunchScreen.storyboard;
			sourceTree = "<group>";
		};
/* End PBXVariantGroup section */

/* Begin XCBuildConfiguration section */
		9AB7729F23DC8355000F8BE7 /* Debug */ = {
			isa = XCBuildConfiguration;
			buildSettings = {
				ALWAYS_SEARCH_USER_PATHS = NO;
				CLANG_ANALYZER_NONNULL = YES;
				CLANG_ANALYZER_NUMBER_OBJECT_CONVERSION = YES_AGGRESSIVE;
				CLANG_CXX_LANGUAGE_STANDARD = "gnu++14";
				CLANG_CXX_LIBRARY = "libc++";
				CLANG_ENABLE_MODULES = YES;
				CLANG_ENABLE_OBJC_ARC = YES;
				CLANG_ENABLE_OBJC_WEAK = YES;
				CLANG_WARN_BLOCK_CAPTURE_AUTORELEASING = YES;
				CLANG_WARN_BOOL_CONVERSION = YES;
				CLANG_WARN_COMMA = YES;
				CLANG_WARN_CONSTANT_CONVERSION = YES;
				CLANG_WARN_DEPRECATED_OBJC_IMPLEMENTATIONS = YES;
				CLANG_WARN_DIRECT_OBJC_ISA_USAGE = YES_ERROR;
				CLANG_WARN_DOCUMENTATION_COMMENTS = YES;
				CLANG_WARN_EMPTY_BODY = YES;
				CLANG_WARN_ENUM_CONVERSION = YES;
				CLANG_WARN_INFINITE_RECURSION = YES;
				CLANG_WARN_INT_CONVERSION = YES;
				CLANG_WARN_NON_LITERAL_NULL_CONVERSION = YES;
				CLANG_WARN_OBJC_IMPLICIT_RETAIN_SELF = YES;
				CLANG_WARN_OBJC_LITERAL_CONVERSION = YES;
				CLANG_WARN_OBJC_ROOT_CLASS = YES_ERROR;
				CLANG_WARN_RANGE_LOOP_ANALYSIS = YES;
				CLANG_WARN_STRICT_PROTOTYPES = YES;
				CLANG_WARN_SUSPICIOUS_MOVE = YES;
				CLANG_WARN_UNGUARDED_AVAILABILITY = YES_AGGRESSIVE;
				CLANG_WARN_UNREACHABLE_CODE = YES;
				CLANG_WARN__DUPLICATE_METHOD_MATCH = YES;
				COPY_PHASE_STRIP = NO;
				DEBUG_INFORMATION_FORMAT = dwarf;
				ENABLE_STRICT_OBJC_MSGSEND = YES;
				ENABLE_TESTABILITY = YES;
				GCC_C_LANGUAGE_STANDARD = gnu11;
				GCC_DYNAMIC_NO_PIC = NO;
				GCC_NO_COMMON_BLOCKS = YES;
				GCC_OPTIMIZATION_LEVEL = 0;
				GCC_PREPROCESSOR_DEFINITIONS = (
					"DEBUG=1",
					"$(inherited)",
				);
				GCC_WARN_64_TO_32_BIT_CONVERSION = YES;
				GCC_WARN_ABOUT_RETURN_TYPE = YES_ERROR;
				GCC_WARN_UNDECLARED_SELECTOR = YES;
				GCC_WARN_UNINITIALIZED_AUTOS = YES_AGGRESSIVE;
				GCC_WARN_UNUSED_FUNCTION = YES;
				GCC_WARN_UNUSED_VARIABLE = YES;
				IPHONEOS_DEPLOYMENT_TARGET = 13.2;
				MTL_ENABLE_DEBUG_INFO = INCLUDE_SOURCE;
				MTL_FAST_MATH = YES;
				ONLY_ACTIVE_ARCH = YES;
				SDKROOT = iphoneos;
				SWIFT_ACTIVE_COMPILATION_CONDITIONS = DEBUG;
				SWIFT_OPTIMIZATION_LEVEL = "-Onone";
			};
			name = Debug;
		};
		9AB772A023DC8355000F8BE7 /* Release */ = {
			isa = XCBuildConfiguration;
			buildSettings = {
				ALWAYS_SEARCH_USER_PATHS = NO;
				CLANG_ANALYZER_NONNULL = YES;
				CLANG_ANALYZER_NUMBER_OBJECT_CONVERSION = YES_AGGRESSIVE;
				CLANG_CXX_LANGUAGE_STANDARD = "gnu++14";
				CLANG_CXX_LIBRARY = "libc++";
				CLANG_ENABLE_MODULES = YES;
				CLANG_ENABLE_OBJC_ARC = YES;
				CLANG_ENABLE_OBJC_WEAK = YES;
				CLANG_WARN_BLOCK_CAPTURE_AUTORELEASING = YES;
				CLANG_WARN_BOOL_CONVERSION = YES;
				CLANG_WARN_COMMA = YES;
				CLANG_WARN_CONSTANT_CONVERSION = YES;
				CLANG_WARN_DEPRECATED_OBJC_IMPLEMENTATIONS = YES;
				CLANG_WARN_DIRECT_OBJC_ISA_USAGE = YES_ERROR;
				CLANG_WARN_DOCUMENTATION_COMMENTS = YES;
				CLANG_WARN_EMPTY_BODY = YES;
				CLANG_WARN_ENUM_CONVERSION = YES;
				CLANG_WARN_INFINITE_RECURSION = YES;
				CLANG_WARN_INT_CONVERSION = YES;
				CLANG_WARN_NON_LITERAL_NULL_CONVERSION = YES;
				CLANG_WARN_OBJC_IMPLICIT_RETAIN_SELF = YES;
				CLANG_WARN_OBJC_LITERAL_CONVERSION = YES;
				CLANG_WARN_OBJC_ROOT_CLASS = YES_ERROR;
				CLANG_WARN_RANGE_LOOP_ANALYSIS = YES;
				CLANG_WARN_STRICT_PROTOTYPES = YES;
				CLANG_WARN_SUSPICIOUS_MOVE = YES;
				CLANG_WARN_UNGUARDED_AVAILABILITY = YES_AGGRESSIVE;
				CLANG_WARN_UNREACHABLE_CODE = YES;
				CLANG_WARN__DUPLICATE_METHOD_MATCH = YES;
				COPY_PHASE_STRIP = NO;
				DEBUG_INFORMATION_FORMAT = "dwarf-with-dsym";
				ENABLE_NS_ASSERTIONS = NO;
				ENABLE_STRICT_OBJC_MSGSEND = YES;
				GCC_C_LANGUAGE_STANDARD = gnu11;
				GCC_NO_COMMON_BLOCKS = YES;
				GCC_WARN_64_TO_32_BIT_CONVERSION = YES;
				GCC_WARN_ABOUT_RETURN_TYPE = YES_ERROR;
				GCC_WARN_UNDECLARED_SELECTOR = YES;
				GCC_WARN_UNINITIALIZED_AUTOS = YES_AGGRESSIVE;
				GCC_WARN_UNUSED_FUNCTION = YES;
				GCC_WARN_UNUSED_VARIABLE = YES;
				IPHONEOS_DEPLOYMENT_TARGET = 13.2;
				MTL_ENABLE_DEBUG_INFO = NO;
				MTL_FAST_MATH = YES;
				SDKROOT = iphoneos;
				SWIFT_COMPILATION_MODE = wholemodule;
				SWIFT_OPTIMIZATION_LEVEL = "-O";
				VALIDATE_PRODUCT = YES;
			};
			name = Release;
		};
		9AB772A223DC8355000F8BE7 /* Debug */ = {
			isa = XCBuildConfiguration;
			buildSettings = {
				ASSETCATALOG_COMPILER_APPICON_NAME = AppIcon;
				CODE_SIGN_STYLE = Automatic;
				DEVELOPMENT_ASSET_PATHS = "\"HabitTracker/Preview Content\"";
				DEVELOPMENT_TEAM = K54LCAPFUW;
				ENABLE_PREVIEWS = YES;
				INFOPLIST_FILE = HabitTracker/Info.plist;
				LD_RUNPATH_SEARCH_PATHS = (
					"$(inherited)",
					"@executable_path/Frameworks",
				);
				PRODUCT_BUNDLE_IDENTIFIER = me.ianmcdonald.HabitTracker;
				PRODUCT_NAME = "$(TARGET_NAME)";
				SWIFT_VERSION = 5.0;
				TARGETED_DEVICE_FAMILY = "1,2";
			};
			name = Debug;
		};
		9AB772A323DC8355000F8BE7 /* Release */ = {
			isa = XCBuildConfiguration;
			buildSettings = {
				ASSETCATALOG_COMPILER_APPICON_NAME = AppIcon;
				CODE_SIGN_STYLE = Automatic;
				DEVELOPMENT_ASSET_PATHS = "\"HabitTracker/Preview Content\"";
				DEVELOPMENT_TEAM = K54LCAPFUW;
				ENABLE_PREVIEWS = YES;
				INFOPLIST_FILE = HabitTracker/Info.plist;
				LD_RUNPATH_SEARCH_PATHS = (
					"$(inherited)",
					"@executable_path/Frameworks",
				);
				PRODUCT_BUNDLE_IDENTIFIER = me.ianmcdonald.HabitTracker;
				PRODUCT_NAME = "$(TARGET_NAME)";
				SWIFT_VERSION = 5.0;
				TARGETED_DEVICE_FAMILY = "1,2";
			};
			name = Release;
		};
/* End XCBuildConfiguration section */

/* Begin XCConfigurationList section */
		9AB7728823DC8353000F8BE7 /* Build configuration list for PBXProject "HabitTracker" */ = {
			isa = XCConfigurationList;
			buildConfigurations = (
				9AB7729F23DC8355000F8BE7 /* Debug */,
				9AB772A023DC8355000F8BE7 /* Release */,
			);
			defaultConfigurationIsVisible = 0;
			defaultConfigurationName = Release;
		};
		9AB772A123DC8355000F8BE7 /* Build configuration list for PBXNativeTarget "HabitTracker" */ = {
			isa = XCConfigurationList;
			buildConfigurations = (
				9AB772A223DC8355000F8BE7 /* Debug */,
				9AB772A323DC8355000F8BE7 /* Release */,
			);
			defaultConfigurationIsVisible = 0;
			defaultConfigurationName = Release;
		};
/* End XCConfigurationList section */
	};
	rootObject = 9AB7728523DC8353000F8BE7 /* Project object */;
}
